
Microsoft Visual Studio Solution File, Format Version 12.00
Project("{FAE04EC0-301F-11D3-BF4B-00C04F79EFBC}") = "CCMS.NEOPE.Web", "CCMS.NEOPE.Web\CCMS.NEOPE.Web.csproj", "{D2A8C1BD-2B94-47C7-A31D-FD64B5632101}"
EndProject
Project("{FAE04EC0-301F-11D3-BF4B-00C04F79EFBC}") = "CCMS.NEOPE.Domain", "CCMS.NEOPE.Domain\CCMS.NEOPE.Domain.csproj", "{F46BB5F8-BA03-4802-9ABD-BDFF8BC1B3C2}"
EndProject
Project("{FAE04EC0-301F-11D3-BF4B-00C04F79EFBC}") = "CCMS.NEOPE.Domain.Core", "CCMS.NEOPE.Domain.Core\CCMS.NEOPE.Domain.Core.csproj", "{DB9775B4-8136-4E4F-B77D-3FE728694B87}"
EndProject
Project("{FAE04EC0-301F-11D3-BF4B-00C04F79EFBC}") = "CCMS.NEOPE.Application", "CCMS.NEOPE.Application\CCMS.NEOPE.Application.csproj", "{70D9832A-2451-45DA-9799-2A859E5985DF}"
EndProject
Project("{FAE04EC0-301F-11D3-BF4B-00C04F79EFBC}") = "CCMS.NEOPE.Infra", "CCMS.NEOPE.Infra\CCMS.NEOPE.Infra.csproj", "{F5AC2E16-C732-4F32-9E8A-BE877FA332CD}"
EndProject
Global
	GlobalSection(SolutionConfigurationPlatforms) = preSolution
		Debug|Any CPU = Debug|Any CPU
		Release|Any CPU = Release|Any CPU
	EndGlobalSection
	GlobalSection(ProjectConfigurationPlatforms) = postSolution
		{D2A8C1BD-2B94-47C7-A31D-FD64B5632101}.Debug|Any CPU.ActiveCfg = Debug|Any CPU
		{D2A8C1BD-2B94-47C7-A31D-FD64B5632101}.Debug|Any CPU.Build.0 = Debug|Any CPU
		{D2A8C1BD-2B94-47C7-A31D-FD64B5632101}.Release|Any CPU.ActiveCfg = Release|Any CPU
		{D2A8C1BD-2B94-47C7-A31D-FD64B5632101}.Release|Any CPU.Build.0 = Release|Any CPU
		{F46BB5F8-BA03-4802-9ABD-BDFF8BC1B3C2}.Debug|Any CPU.ActiveCfg = Debug|Any CPU
		{F46BB5F8-BA03-4802-9ABD-BDFF8BC1B3C2}.Debug|Any CPU.Build.0 = Debug|Any CPU
		{F46BB5F8-BA03-4802-9ABD-BDFF8BC1B3C2}.Release|Any CPU.ActiveCfg = Release|Any CPU
		{F46BB5F8-BA03-4802-9ABD-BDFF8BC1B3C2}.Release|Any CPU.Build.0 = Release|Any CPU
		{DB9775B4-8136-4E4F-B77D-3FE728694B87}.Debug|Any CPU.ActiveCfg = Debug|Any CPU
		{DB9775B4-8136-4E4F-B77D-3FE728694B87}.Debug|Any CPU.Build.0 = Debug|Any CPU
		{DB9775B4-8136-4E4F-B77D-3FE728694B87}.Release|Any CPU.ActiveCfg = Release|Any CPU
		{DB9775B4-8136-4E4F-B77D-3FE728694B87}.Release|Any CPU.Build.0 = Release|Any CPU
		{70D9832A-2451-45DA-9799-2A859E5985DF}.Debug|Any CPU.ActiveCfg = Debug|Any CPU
		{70D9832A-2451-45DA-9799-2A859E5985DF}.Debug|Any CPU.Build.0 = Debug|Any CPU
		{70D9832A-2451-45DA-9799-2A859E5985DF}.Release|Any CPU.ActiveCfg = Release|Any CPU
		{70D9832A-2451-45DA-9799-2A859E5985DF}.Release|Any CPU.Build.0 = Release|Any CPU
		{F5AC2E16-C732-4F32-9E8A-BE877FA332CD}.Debug|Any CPU.ActiveCfg = Debug|Any CPU
		{F5AC2E16-C732-4F32-9E8A-BE877FA332CD}.Debug|Any CPU.Build.0 = Debug|Any CPU
		{F5AC2E16-C732-4F32-9E8A-BE877FA332CD}.Release|Any CPU.ActiveCfg = Release|Any CPU
		{F5AC2E16-C732-4F32-9E8A-BE877FA332CD}.Release|Any CPU.Build.0 = Release|Any CPU
	EndGlobalSection
EndGlobal
